
Microsoft Visual Studio Solution File, Format Version 12.00
# Visual Studio Version 17
VisualStudioVersion = 17.5.002.0
MinimumVisualStudioVersion = 10.0.40219.1
Project("{9A19103F-16F7-4668-BE54-9A1E7A4F7556}") = "App02", "App02.csproj", "{DE745BBB-0E5B-4CD7-A595-CCC6079F7410}"
EndProject
Global
	GlobalSection(SolutionConfigurationPlatforms) = preSolution
		Debug|Any CPU = Debug|Any CPU
		Release|Any CPU = Release|Any CPU
	EndGlobalSection
	GlobalSection(ProjectConfigurationPlatforms) = postSolution
		{DE745BBB-0E5B-4CD7-A595-CCC6079F7410}.Debug|Any CPU.ActiveCfg = Debug|Any CPU
		{DE745BBB-0E5B-4CD7-A595-CCC6079F7410}.Debug|Any CPU.Build.0 = Debug|Any CPU
		{DE745BBB-0E5B-4CD7-A595-CCC6079F7410}.Release|Any CPU.ActiveCfg = Release|Any CPU
		{DE745BBB-0E5B-4CD7-A595-CCC6079F7410}.Release|Any CPU.Build.0 = Release|Any CPU
	EndGlobalSection
	GlobalSection(SolutionProperties) = preSolution
		HideSolutionNode = FALSE
	EndGlobalSection
	GlobalSection(ExtensibilityGlobals) = postSolution
		SolutionGuid = {6035768E-0CB6-4BC6-B046-C6941415181D}
	EndGlobalSection
EndGlobal
